// !$*UTF8*$!
{
	archiveVersion = 1;
	classes = {
	};
	objectVersion = 56;
	objects = {

/* Begin PBXBuildFile section */
		D1D2EDB42A2AAD6000BE987A /* AppDelegate.swift in Sources */ = {isa = PBXBuildFile; fileRef = D1D2EDB32A2AAD6000BE987A /* AppDelegate.swift */; };
		D1D2EDB62A2AAD6000BE987A /* SceneDelegate.swift in Sources */ = {isa = PBXBuildFile; fileRef = D1D2EDB52A2AAD6000BE987A /* SceneDelegate.swift */; };
		D1D2EDB82A2AAD6000BE987A /* ViewController.swift in Sources */ = {isa = PBXBuildFile; fileRef = D1D2EDB72A2AAD6000BE987A /* ViewController.swift */; };
		D1D2EDBB2A2AAD6000BE987A /* Main.storyboard in Resources */ = {isa = PBXBuildFile; fileRef = D1D2EDB92A2AAD6000BE987A /* Main.storyboard */; };
		D1D2EDBD2A2AAD6200BE987A /* Assets.xcassets in Resources */ = {isa = PBXBuildFile; fileRef = D1D2EDBC2A2AAD6200BE987A /* Assets.xcassets */; };
		D1D2EDC02A2AAD6200BE987A /* LaunchScreen.storyboard in Resources */ = {isa = PBXBuildFile; fileRef = D1D2EDBE2A2AAD6200BE987A /* LaunchScreen.storyboard */; };
		D1D2EDCB2A2AAD6300BE987A /* RickAndMortyTests.swift in Sources */ = {isa = PBXBuildFile; fileRef = D1D2EDCA2A2AAD6300BE987A /* RickAndMortyTests.swift */; };
		D1D2EDD52A2AAD6300BE987A /* RickAndMortyUITests.swift in Sources */ = {isa = PBXBuildFile; fileRef = D1D2EDD42A2AAD6300BE987A /* RickAndMortyUITests.swift */; };
		D1D2EDD72A2AAD6300BE987A /* RickAndMortyUITestsLaunchTests.swift in Sources */ = {isa = PBXBuildFile; fileRef = D1D2EDD62A2AAD6300BE987A /* RickAndMortyUITestsLaunchTests.swift */; };
/* End PBXBuildFile section */

/* Begin PBXContainerItemProxy section */
		D1D2EDC72A2AAD6300BE987A /* PBXContainerItemProxy */ = {
			isa = PBXContainerItemProxy;
			containerPortal = D1D2EDA82A2AAD6000BE987A /* Project object */;
			proxyType = 1;
			remoteGlobalIDString = D1D2EDAF2A2AAD6000BE987A;
			remoteInfo = RickAndMorty;
		};
		D1D2EDD12A2AAD6300BE987A /* PBXContainerItemProxy */ = {
			isa = PBXContainerItemProxy;
			containerPortal = D1D2EDA82A2AAD6000BE987A /* Project object */;
			proxyType = 1;
			remoteGlobalIDString = D1D2EDAF2A2AAD6000BE987A;
			remoteInfo = RickAndMorty;
		};
/* End PBXContainerItemProxy section */

/* Begin PBXFileReference section */
		D1D2EDB02A2AAD6000BE987A /* RickAndMorty.app */ = {isa = PBXFileReference; explicitFileType = wrapper.application; includeInIndex = 0; path = RickAndMorty.app; sourceTree = BUILT_PRODUCTS_DIR; };
		D1D2EDB32A2AAD6000BE987A /* AppDelegate.swift */ = {isa = PBXFileReference; lastKnownFileType = sourcecode.swift; path = AppDelegate.swift; sourceTree = "<group>"; };
		D1D2EDB52A2AAD6000BE987A /* SceneDelegate.swift */ = {isa = PBXFileReference; lastKnownFileType = sourcecode.swift; path = SceneDelegate.swift; sourceTree = "<group>"; };
		D1D2EDB72A2AAD6000BE987A /* ViewController.swift */ = {isa = PBXFileReference; lastKnownFileType = sourcecode.swift; path = ViewController.swift; sourceTree = "<group>"; };
		D1D2EDBA2A2AAD6000BE987A /* Base */ = {isa = PBXFileReference; lastKnownFileType = file.storyboard; name = Base; path = Base.lproj/Main.storyboard; sourceTree = "<group>"; };
		D1D2EDBC2A2AAD6200BE987A /* Assets.xcassets */ = {isa = PBXFileReference; lastKnownFileType = folder.assetcatalog; path = Assets.xcassets; sourceTree = "<group>"; };
		D1D2EDBF2A2AAD6200BE987A /* Base */ = {isa = PBXFileReference; lastKnownFileType = file.storyboard; name = Base; path = Base.lproj/LaunchScreen.storyboard; sourceTree = "<group>"; };
		D1D2EDC12A2AAD6200BE987A /* Info.plist */ = {isa = PBXFileReference; lastKnownFileType = text.plist.xml; path = Info.plist; sourceTree = "<group>"; };
		D1D2EDC62A2AAD6300BE987A /* RickAndMortyTests.xctest */ = {isa = PBXFileReference; explicitFileType = wrapper.cfbundle; includeInIndex = 0; path = RickAndMortyTests.xctest; sourceTree = BUILT_PRODUCTS_DIR; };
		D1D2EDCA2A2AAD6300BE987A /* RickAndMortyTests.swift */ = {isa = PBXFileReference; lastKnownFileType = sourcecode.swift; path = RickAndMortyTests.swift; sourceTree = "<group>"; };
		D1D2EDD02A2AAD6300BE987A /* RickAndMortyUITests.xctest */ = {isa = PBXFileReference; explicitFileType = wrapper.cfbundle; includeInIndex = 0; path = RickAndMortyUITests.xctest; sourceTree = BUILT_PRODUCTS_DIR; };
		D1D2EDD42A2AAD6300BE987A /* RickAndMortyUITests.swift */ = {isa = PBXFileReference; lastKnownFileType = sourcecode.swift; path = RickAndMortyUITests.swift; sourceTree = "<group>"; };
		D1D2EDD62A2AAD6300BE987A /* RickAndMortyUITestsLaunchTests.swift */ = {isa = PBXFileReference; lastKnownFileType = sourcecode.swift; path = RickAndMortyUITestsLaunchTests.swift; sourceTree = "<group>"; };
/* End PBXFileReference section */

/* Begin PBXFrameworksBuildPhase section */
		D1D2EDAD2A2AAD6000BE987A /* Frameworks */ = {
			isa = PBXFrameworksBuildPhase;
			buildActionMask = 2147483647;
			files = (
			);
			runOnlyForDeploymentPostprocessing = 0;
		};
		D1D2EDC32A2AAD6300BE987A /* Frameworks */ = {
			isa = PBXFrameworksBuildPhase;
			buildActionMask = 2147483647;
			files = (
			);
			runOnlyForDeploymentPostprocessing = 0;
		};
		D1D2EDCD2A2AAD6300BE987A /* Frameworks */ = {
			isa = PBXFrameworksBuildPhase;
			buildActionMask = 2147483647;
			files = (
			);
			runOnlyForDeploymentPostprocessing = 0;
		};
/* End PBXFrameworksBuildPhase section */

/* Begin PBXGroup section */
		D1D2EDA72A2AAD6000BE987A = {
			isa = PBXGroup;
			children = (
				D1D2EDB22A2AAD6000BE987A /* RickAndMorty */,
				D1D2EDC92A2AAD6300BE987A /* RickAndMortyTests */,
				D1D2EDD32A2AAD6300BE987A /* RickAndMortyUITests */,
				D1D2EDB12A2AAD6000BE987A /* Products */,
			);
			sourceTree = "<group>";
		};
		D1D2EDB12A2AAD6000BE987A /* Products */ = {
			isa = PBXGroup;
			children = (
				D1D2EDB02A2AAD6000BE987A /* RickAndMorty.app */,
				D1D2EDC62A2AAD6300BE987A /* RickAndMortyTests.xctest */,
				D1D2EDD02A2AAD6300BE987A /* RickAndMortyUITests.xctest */,
			);
			name = Products;
			sourceTree = "<group>";
		};
		D1D2EDB22A2AAD6000BE987A /* RickAndMorty */ = {
			isa = PBXGroup;
			children = (
				D1D2EDB32A2AAD6000BE987A /* AppDelegate.swift */,
				D1D2EDB52A2AAD6000BE987A /* SceneDelegate.swift */,
				D1D2EDB72A2AAD6000BE987A /* ViewController.swift */,
				D1D2EDB92A2AAD6000BE987A /* Main.storyboard */,
				D1D2EDBC2A2AAD6200BE987A /* Assets.xcassets */,
				D1D2EDBE2A2AAD6200BE987A /* LaunchScreen.storyboard */,
				D1D2EDC12A2AAD6200BE987A /* Info.plist */,
			);
			path = RickAndMorty;
			sourceTree = "<group>";
		};
		D1D2EDC92A2AAD6300BE987A /* RickAndMortyTests */ = {
			isa = PBXGroup;
			children = (
				D1D2EDCA2A2AAD6300BE987A /* RickAndMortyTests.swift */,
			);
			path = RickAndMortyTests;
			sourceTree = "<group>";
		};
		D1D2EDD32A2AAD6300BE987A /* RickAndMortyUITests */ = {
			isa = PBXGroup;
			children = (
				D1D2EDD42A2AAD6300BE987A /* RickAndMortyUITests.swift */,
				D1D2EDD62A2AAD6300BE987A /* RickAndMortyUITestsLaunchTests.swift */,
			);
			path = RickAndMortyUITests;
			sourceTree = "<group>";
		};
/* End PBXGroup section */

/* Begin PBXNativeTarget section */
		D1D2EDAF2A2AAD6000BE987A /* RickAndMorty */ = {
			isa = PBXNativeTarget;
			buildConfigurationList = D1D2EDDA2A2AAD6300BE987A /* Build configuration list for PBXNativeTarget "RickAndMorty" */;
			buildPhases = (
				D1D2EDAC2A2AAD6000BE987A /* Sources */,
				D1D2EDAD2A2AAD6000BE987A /* Frameworks */,
				D1D2EDAE2A2AAD6000BE987A /* Resources */,
			);
			buildRules = (
			);
			dependencies = (
			);
			name = RickAndMorty;
			productName = RickAndMorty;
			productReference = D1D2EDB02A2AAD6000BE987A /* RickAndMorty.app */;
			productType = "com.apple.product-type.application";
		};
		D1D2EDC52A2AAD6300BE987A /* RickAndMortyTests */ = {
			isa = PBXNativeTarget;
			buildConfigurationList = D1D2EDDD2A2AAD6300BE987A /* Build configuration list for PBXNativeTarget "RickAndMortyTests" */;
			buildPhases = (
				D1D2EDC22A2AAD6300BE987A /* Sources */,
				D1D2EDC32A2AAD6300BE987A /* Frameworks */,
				D1D2EDC42A2AAD6300BE987A /* Resources */,
			);
			buildRules = (
			);
			dependencies = (
				D1D2EDC82A2AAD6300BE987A /* PBXTargetDependency */,
			);
			name = RickAndMortyTests;
			productName = RickAndMortyTests;
			productReference = D1D2EDC62A2AAD6300BE987A /* RickAndMortyTests.xctest */;
			productType = "com.apple.product-type.bundle.unit-test";
		};
		D1D2EDCF2A2AAD6300BE987A /* RickAndMortyUITests */ = {
			isa = PBXNativeTarget;
			buildConfigurationList = D1D2EDE02A2AAD6300BE987A /* Build configuration list for PBXNativeTarget "RickAndMortyUITests" */;
			buildPhases = (
				D1D2EDCC2A2AAD6300BE987A /* Sources */,
				D1D2EDCD2A2AAD6300BE987A /* Frameworks */,
				D1D2EDCE2A2AAD6300BE987A /* Resources */,
			);
			buildRules = (
			);
			dependencies = (
				D1D2EDD22A2AAD6300BE987A /* PBXTargetDependency */,
			);
			name = RickAndMortyUITests;
			productName = RickAndMortyUITests;
			productReference = D1D2EDD02A2AAD6300BE987A /* RickAndMortyUITests.xctest */;
			productType = "com.apple.product-type.bundle.ui-testing";
		};
/* End PBXNativeTarget section */

/* Begin PBXProject section */
		D1D2EDA82A2AAD6000BE987A /* Project object */ = {
			isa = PBXProject;
			attributes = {
				BuildIndependentTargetsInParallel = 1;
				LastSwiftUpdateCheck = 1430;
				LastUpgradeCheck = 1430;
				TargetAttributes = {
					D1D2EDAF2A2AAD6000BE987A = {
						CreatedOnToolsVersion = 14.3.1;
					};
					D1D2EDC52A2AAD6300BE987A = {
						CreatedOnToolsVersion = 14.3.1;
						TestTargetID = D1D2EDAF2A2AAD6000BE987A;
					};
					D1D2EDCF2A2AAD6300BE987A = {
						CreatedOnToolsVersion = 14.3.1;
						TestTargetID = D1D2EDAF2A2AAD6000BE987A;
					};
				};
			};
			buildConfigurationList = D1D2EDAB2A2AAD6000BE987A /* Build configuration list for PBXProject "RickAndMorty" */;
			compatibilityVersion = "Xcode 14.0";
			developmentRegion = en;
			hasScannedForEncodings = 0;
			knownRegions = (
				en,
				Base,
			);
			mainGroup = D1D2EDA72A2AAD6000BE987A;
			productRefGroup = D1D2EDB12A2AAD6000BE987A /* Products */;
			projectDirPath = "";
			projectRoot = "";
			targets = (
				D1D2EDAF2A2AAD6000BE987A /* RickAndMorty */,
				D1D2EDC52A2AAD6300BE987A /* RickAndMortyTests */,
				D1D2EDCF2A2AAD6300BE987A /* RickAndMortyUITests */,
			);
		};
/* End PBXProject section */

/* Begin PBXResourcesBuildPhase section */
		D1D2EDAE2A2AAD6000BE987A /* Resources */ = {
			isa = PBXResourcesBuildPhase;
			buildActionMask = 2147483647;
			files = (
				D1D2EDC02A2AAD6200BE987A /* LaunchScreen.storyboard in Resources */,
				D1D2EDBD2A2AAD6200BE987A /* Assets.xcassets in Resources */,
				D1D2EDBB2A2AAD6000BE987A /* Main.storyboard in Resources */,
			);
			runOnlyForDeploymentPostprocessing = 0;
		};
		D1D2EDC42A2AAD6300BE987A /* Resources */ = {
			isa = PBXResourcesBuildPhase;
			buildActionMask = 2147483647;
			files = (
			);
			runOnlyForDeploymentPostprocessing = 0;
		};
		D1D2EDCE2A2AAD6300BE987A /* Resources */ = {
			isa = PBXResourcesBuildPhase;
			buildActionMask = 2147483647;
			files = (
			);
			runOnlyForDeploymentPostprocessing = 0;
		};
/* End PBXResourcesBuildPhase section */

/* Begin PBXSourcesBuildPhase section */
		D1D2EDAC2A2AAD6000BE987A /* Sources */ = {
			isa = PBXSourcesBuildPhase;
			buildActionMask = 2147483647;
			files = (
				D1D2EDB82A2AAD6000BE987A /* ViewController.swift in Sources */,
				D1D2EDB42A2AAD6000BE987A /* AppDelegate.swift in Sources */,
				D1D2EDB62A2AAD6000BE987A /* SceneDelegate.swift in Sources */,
			);
			runOnlyForDeploymentPostprocessing = 0;
		};
		D1D2EDC22A2AAD6300BE987A /* Sources */ = {
			isa = PBXSourcesBuildPhase;
			buildActionMask = 2147483647;
			files = (
				D1D2EDCB2A2AAD6300BE987A /* RickAndMortyTests.swift in Sources */,
			);
			runOnlyForDeploymentPostprocessing = 0;
		};
		D1D2EDCC2A2AAD6300BE987A /* Sources */ = {
			isa = PBXSourcesBuildPhase;
			buildActionMask = 2147483647;
			files = (
				D1D2EDD52A2AAD6300BE987A /* RickAndMortyUITests.swift in Sources */,
				D1D2EDD72A2AAD6300BE987A /* RickAndMortyUITestsLaunchTests.swift in Sources */,
			);
			runOnlyForDeploymentPostprocessing = 0;
		};
/* End PBXSourcesBuildPhase section */

/* Begin PBXTargetDependency section */
		D1D2EDC82A2AAD6300BE987A /* PBXTargetDependency */ = {
			isa = PBXTargetDependency;
			target = D1D2EDAF2A2AAD6000BE987A /* RickAndMorty */;
			targetProxy = D1D2EDC72A2AAD6300BE987A /* PBXContainerItemProxy */;
		};
		D1D2EDD22A2AAD6300BE987A /* PBXTargetDependency */ = {
			isa = PBXTargetDependency;
			target = D1D2EDAF2A2AAD6000BE987A /* RickAndMorty */;
			targetProxy = D1D2EDD12A2AAD6300BE987A /* PBXContainerItemProxy */;
		};
/* End PBXTargetDependency section */

/* Begin PBXVariantGroup section */
		D1D2EDB92A2AAD6000BE987A /* Main.storyboard */ = {
			isa = PBXVariantGroup;
			children = (
				D1D2EDBA2A2AAD6000BE987A /* Base */,
			);
			name = Main.storyboard;
			sourceTree = "<group>";
		};
		D1D2EDBE2A2AAD6200BE987A /* LaunchScreen.storyboard */ = {
			isa = PBXVariantGroup;
			children = (
				D1D2EDBF2A2AAD6200BE987A /* Base */,
			);
			name = LaunchScreen.storyboard;
			sourceTree = "<group>";
		};
/* End PBXVariantGroup section */

/* Begin XCBuildConfiguration section */
		D1D2EDD82A2AAD6300BE987A /* Debug */ = {
			isa = XCBuildConfiguration;
			buildSettings = {
				ALWAYS_SEARCH_USER_PATHS = NO;
				CLANG_ANALYZER_NONNULL = YES;
				CLANG_ANALYZER_NUMBER_OBJECT_CONVERSION = YES_AGGRESSIVE;
				CLANG_CXX_LANGUAGE_STANDARD = "gnu++20";
				CLANG_ENABLE_MODULES = YES;
				CLANG_ENABLE_OBJC_ARC = YES;
				CLANG_ENABLE_OBJC_WEAK = YES;
				CLANG_WARN_BLOCK_CAPTURE_AUTORELEASING = YES;
				CLANG_WARN_BOOL_CONVERSION = YES;
				CLANG_WARN_COMMA = YES;
				CLANG_WARN_CONSTANT_CONVERSION = YES;
				CLANG_WARN_DEPRECATED_OBJC_IMPLEMENTATIONS = YES;
				CLANG_WARN_DIRECT_OBJC_ISA_USAGE = YES_ERROR;
				CLANG_WARN_DOCUMENTATION_COMMENTS = YES;
				CLANG_WARN_EMPTY_BODY = YES;
				CLANG_WARN_ENUM_CONVERSION = YES;
				CLANG_WARN_INFINITE_RECURSION = YES;
				CLANG_WARN_INT_CONVERSION = YES;
				CLANG_WARN_NON_LITERAL_NULL_CONVERSION = YES;
				CLANG_WARN_OBJC_IMPLICIT_RETAIN_SELF = YES;
				CLANG_WARN_OBJC_LITERAL_CONVERSION = YES;
				CLANG_WARN_OBJC_ROOT_CLASS = YES_ERROR;
				CLANG_WARN_QUOTED_INCLUDE_IN_FRAMEWORK_HEADER = YES;
				CLANG_WARN_RANGE_LOOP_ANALYSIS = YES;
				CLANG_WARN_STRICT_PROTOTYPES = YES;
				CLANG_WARN_SUSPICIOUS_MOVE = YES;
				CLANG_WARN_UNGUARDED_AVAILABILITY = YES_AGGRESSIVE;
				CLANG_WARN_UNREACHABLE_CODE = YES;
				CLANG_WARN__DUPLICATE_METHOD_MATCH = YES;
				COPY_PHASE_STRIP = NO;
				DEBUG_INFORMATION_FORMAT = dwarf;
				ENABLE_STRICT_OBJC_MSGSEND = YES;
				ENABLE_TESTABILITY = YES;
				GCC_C_LANGUAGE_STANDARD = gnu11;
				GCC_DYNAMIC_NO_PIC = NO;
				GCC_NO_COMMON_BLOCKS = YES;
				GCC_OPTIMIZATION_LEVEL = 0;
				GCC_PREPROCESSOR_DEFINITIONS = (
					"DEBUG=1",
					"$(inherited)",
				);
				GCC_WARN_64_TO_32_BIT_CONVERSION = YES;
				GCC_WARN_ABOUT_RETURN_TYPE = YES_ERROR;
				GCC_WARN_UNDECLARED_SELECTOR = YES;
				GCC_WARN_UNINITIALIZED_AUTOS = YES_AGGRESSIVE;
				GCC_WARN_UNUSED_FUNCTION = YES;
				GCC_WARN_UNUSED_VARIABLE = YES;
				IPHONEOS_DEPLOYMENT_TARGET = 16.4;
				MTL_ENABLE_DEBUG_INFO = INCLUDE_SOURCE;
				MTL_FAST_MATH = YES;
				ONLY_ACTIVE_ARCH = YES;
				SDKROOT = iphoneos;
				SWIFT_ACTIVE_COMPILATION_CONDITIONS = DEBUG;
				SWIFT_OPTIMIZATION_LEVEL = "-Onone";
			};
			name = Debug;
		};
		D1D2EDD92A2AAD6300BE987A /* Release */ = {
			isa = XCBuildConfiguration;
			buildSettings = {
				ALWAYS_SEARCH_USER_PATHS = NO;
				CLANG_ANALYZER_NONNULL = YES;
				CLANG_ANALYZER_NUMBER_OBJECT_CONVERSION = YES_AGGRESSIVE;
				CLANG_CXX_LANGUAGE_STANDARD = "gnu++20";
				CLANG_ENABLE_MODULES = YES;
				CLANG_ENABLE_OBJC_ARC = YES;
				CLANG_ENABLE_OBJC_WEAK = YES;
				CLANG_WARN_BLOCK_CAPTURE_AUTORELEASING = YES;
				CLANG_WARN_BOOL_CONVERSION = YES;
				CLANG_WARN_COMMA = YES;
				CLANG_WARN_CONSTANT_CONVERSION = YES;
				CLANG_WARN_DEPRECATED_OBJC_IMPLEMENTATIONS = YES;
				CLANG_WARN_DIRECT_OBJC_ISA_USAGE = YES_ERROR;
				CLANG_WARN_DOCUMENTATION_COMMENTS = YES;
				CLANG_WARN_EMPTY_BODY = YES;
				CLANG_WARN_ENUM_CONVERSION = YES;
				CLANG_WARN_INFINITE_RECURSION = YES;
				CLANG_WARN_INT_CONVERSION = YES;
				CLANG_WARN_NON_LITERAL_NULL_CONVERSION = YES;
				CLANG_WARN_OBJC_IMPLICIT_RETAIN_SELF = YES;
				CLANG_WARN_OBJC_LITERAL_CONVERSION = YES;
				CLANG_WARN_OBJC_ROOT_CLASS = YES_ERROR;
				CLANG_WARN_QUOTED_INCLUDE_IN_FRAMEWORK_HEADER = YES;
				CLANG_WARN_RANGE_LOOP_ANALYSIS = YES;
				CLANG_WARN_STRICT_PROTOTYPES = YES;
				CLANG_WARN_SUSPICIOUS_MOVE = YES;
				CLANG_WARN_UNGUARDED_AVAILABILITY = YES_AGGRESSIVE;
				CLANG_WARN_UNREACHABLE_CODE = YES;
				CLANG_WARN__DUPLICATE_METHOD_MATCH = YES;
				COPY_PHASE_STRIP = NO;
				DEBUG_INFORMATION_FORMAT = "dwarf-with-dsym";
				ENABLE_NS_ASSERTIONS = NO;
				ENABLE_STRICT_OBJC_MSGSEND = YES;
				GCC_C_LANGUAGE_STANDARD = gnu11;
				GCC_NO_COMMON_BLOCKS = YES;
				GCC_WARN_64_TO_32_BIT_CONVERSION = YES;
				GCC_WARN_ABOUT_RETURN_TYPE = YES_ERROR;
				GCC_WARN_UNDECLARED_SELECTOR = YES;
				GCC_WARN_UNINITIALIZED_AUTOS = YES_AGGRESSIVE;
				GCC_WARN_UNUSED_FUNCTION = YES;
				GCC_WARN_UNUSED_VARIABLE = YES;
				IPHONEOS_DEPLOYMENT_TARGET = 16.4;
				MTL_ENABLE_DEBUG_INFO = NO;
				MTL_FAST_MATH = YES;
				SDKROOT = iphoneos;
				SWIFT_COMPILATION_MODE = wholemodule;
				SWIFT_OPTIMIZATION_LEVEL = "-O";
				VALIDATE_PRODUCT = YES;
			};
			name = Release;
		};
		D1D2EDDB2A2AAD6300BE987A /* Debug */ = {
			isa = XCBuildConfiguration;
			buildSettings = {
				ASSETCATALOG_COMPILER_APPICON_NAME = AppIcon;
				ASSETCATALOG_COMPILER_GLOBAL_ACCENT_COLOR_NAME = AccentColor;
				CODE_SIGN_STYLE = Automatic;
				CURRENT_PROJECT_VERSION = 1;
				GENERATE_INFOPLIST_FILE = YES;
				INFOPLIST_FILE = RickAndMorty/Info.plist;
				INFOPLIST_KEY_UIApplicationSupportsIndirectInputEvents = YES;
				INFOPLIST_KEY_UILaunchStoryboardName = LaunchScreen;
				INFOPLIST_KEY_UIMainStoryboardFile = Main;
				INFOPLIST_KEY_UISupportedInterfaceOrientations_iPad = "UIInterfaceOrientationPortrait UIInterfaceOrientationPortraitUpsideDown UIInterfaceOrientationLandscapeLeft UIInterfaceOrientationLandscapeRight";
				INFOPLIST_KEY_UISupportedInterfaceOrientations_iPhone = "UIInterfaceOrientationPortrait UIInterfaceOrientationLandscapeLeft UIInterfaceOrientationLandscapeRight";
				LD_RUNPATH_SEARCH_PATHS = (
					"$(inherited)",
					"@executable_path/Frameworks",
				);
				MARKETING_VERSION = 1.0;
				PRODUCT_BUNDLE_IDENTIFIER = msawarynski.RickAndMorty;
				PRODUCT_NAME = "$(TARGET_NAME)";
				SWIFT_EMIT_LOC_STRINGS = YES;
				SWIFT_VERSION = 5.0;
				TARGETED_DEVICE_FAMILY = "1,2";
			};
			name = Debug;
		};
		D1D2EDDC2A2AAD6300BE987A /* Release */ = {
			isa = XCBuildConfiguration;
			buildSettings = {
				ASSETCATALOG_COMPILER_APPICON_NAME = AppIcon;
				ASSETCATALOG_COMPILER_GLOBAL_ACCENT_COLOR_NAME = AccentColor;
				CODE_SIGN_STYLE = Automatic;
				CURRENT_PROJECT_VERSION = 1;
				GENERATE_INFOPLIST_FILE = YES;
				INFOPLIST_FILE = RickAndMorty/Info.plist;
				INFOPLIST_KEY_UIApplicationSupportsIndirectInputEvents = YES;
				INFOPLIST_KEY_UILaunchStoryboardName = LaunchScreen;
				INFOPLIST_KEY_UIMainStoryboardFile = Main;
				INFOPLIST_KEY_UISupportedInterfaceOrientations_iPad = "UIInterfaceOrientationPortrait UIInterfaceOrientationPortraitUpsideDown UIInterfaceOrientationLandscapeLeft UIInterfaceOrientationLandscapeRight";
				INFOPLIST_KEY_UISupportedInterfaceOrientations_iPhone = "UIInterfaceOrientationPortrait UIInterfaceOrientationLandscapeLeft UIInterfaceOrientationLandscapeRight";
				LD_RUNPATH_SEARCH_PATHS = (
					"$(inherited)",
					"@executable_path/Frameworks",
				);
				MARKETING_VERSION = 1.0;
				PRODUCT_BUNDLE_IDENTIFIER = msawarynski.RickAndMorty;
				PRODUCT_NAME = "$(TARGET_NAME)";
				SWIFT_EMIT_LOC_STRINGS = YES;
				SWIFT_VERSION = 5.0;
				TARGETED_DEVICE_FAMILY = "1,2";
			};
			name = Release;
		};
		D1D2EDDE2A2AAD6300BE987A /* Debug */ = {
			isa = XCBuildConfiguration;
			buildSettings = {
				ALWAYS_EMBED_SWIFT_STANDARD_LIBRARIES = YES;
				BUNDLE_LOADER = "$(TEST_HOST)";
				CODE_SIGN_STYLE = Automatic;
				CURRENT_PROJECT_VERSION = 1;
				GENERATE_INFOPLIST_FILE = YES;
				IPHONEOS_DEPLOYMENT_TARGET = 16.4;
				MARKETING_VERSION = 1.0;
				PRODUCT_BUNDLE_IDENTIFIER = msawarynski.RickAndMortyTests;
				PRODUCT_NAME = "$(TARGET_NAME)";
				SWIFT_EMIT_LOC_STRINGS = NO;
				SWIFT_VERSION = 5.0;
				TARGETED_DEVICE_FAMILY = "1,2";
				TEST_HOST = "$(BUILT_PRODUCTS_DIR)/RickAndMorty.app/$(BUNDLE_EXECUTABLE_FOLDER_PATH)/RickAndMorty";
			};
			name = Debug;
		};
		D1D2EDDF2A2AAD6300BE987A /* Release */ = {
			isa = XCBuildConfiguration;
			buildSettings = {
				ALWAYS_EMBED_SWIFT_STANDARD_LIBRARIES = YES;
				BUNDLE_LOADER = "$(TEST_HOST)";
				CODE_SIGN_STYLE = Automatic;
				CURRENT_PROJECT_VERSION = 1;
				GENERATE_INFOPLIST_FILE = YES;
				IPHONEOS_DEPLOYMENT_TARGET = 16.4;
				MARKETING_VERSION = 1.0;
				PRODUCT_BUNDLE_IDENTIFIER = msawarynski.RickAndMortyTests;
				PRODUCT_NAME = "$(TARGET_NAME)";
				SWIFT_EMIT_LOC_STRINGS = NO;
				SWIFT_VERSION = 5.0;
				TARGETED_DEVICE_FAMILY = "1,2";
				TEST_HOST = "$(BUILT_PRODUCTS_DIR)/RickAndMorty.app/$(BUNDLE_EXECUTABLE_FOLDER_PATH)/RickAndMorty";
			};
			name = Release;
		};
		D1D2EDE12A2AAD6300BE987A /* Debug */ = {
			isa = XCBuildConfiguration;
			buildSettings = {
				ALWAYS_EMBED_SWIFT_STANDARD_LIBRARIES = YES;
				CODE_SIGN_STYLE = Automatic;
				CURRENT_PROJECT_VERSION = 1;
				GENERATE_INFOPLIST_FILE = YES;
				MARKETING_VERSION = 1.0;
				PRODUCT_BUNDLE_IDENTIFIER = msawarynski.RickAndMortyUITests;
				PRODUCT_NAME = "$(TARGET_NAME)";
				SWIFT_EMIT_LOC_STRINGS = NO;
				SWIFT_VERSION = 5.0;
				TARGETED_DEVICE_FAMILY = "1,2";
				TEST_TARGET_NAME = RickAndMorty;
			};
			name = Debug;
		};
		D1D2EDE22A2AAD6300BE987A /* Release */ = {
			isa = XCBuildConfiguration;
			buildSettings = {
				ALWAYS_EMBED_SWIFT_STANDARD_LIBRARIES = YES;
				CODE_SIGN_STYLE = Automatic;
				CURRENT_PROJECT_VERSION = 1;
				GENERATE_INFOPLIST_FILE = YES;
				MARKETING_VERSION = 1.0;
				PRODUCT_BUNDLE_IDENTIFIER = msawarynski.RickAndMortyUITests;
				PRODUCT_NAME = "$(TARGET_NAME)";
				SWIFT_EMIT_LOC_STRINGS = NO;
				SWIFT_VERSION = 5.0;
				TARGETED_DEVICE_FAMILY = "1,2";
				TEST_TARGET_NAME = RickAndMorty;
			};
			name = Release;
		};
/* End XCBuildConfiguration section */

/* Begin XCConfigurationList section */
		D1D2EDAB2A2AAD6000BE987A /* Build configuration list for PBXProject "RickAndMorty" */ = {
			isa = XCConfigurationList;
			buildConfigurations = (
				D1D2EDD82A2AAD6300BE987A /* Debug */,
				D1D2EDD92A2AAD6300BE987A /* Release */,
			);
			defaultConfigurationIsVisible = 0;
			defaultConfigurationName = Release;
		};
		D1D2EDDA2A2AAD6300BE987A /* Build configuration list for PBXNativeTarget "RickAndMorty" */ = {
			isa = XCConfigurationList;
			buildConfigurations = (
				D1D2EDDB2A2AAD6300BE987A /* Debug */,
				D1D2EDDC2A2AAD6300BE987A /* Release */,
			);
			defaultConfigurationIsVisible = 0;
			defaultConfigurationName = Release;
		};
		D1D2EDDD2A2AAD6300BE987A /* Build configuration list for PBXNativeTarget "RickAndMortyTests" */ = {
			isa = XCConfigurationList;
			buildConfigurations = (
				D1D2EDDE2A2AAD6300BE987A /* Debug */,
				D1D2EDDF2A2AAD6300BE987A /* Release */,
			);
			defaultConfigurationIsVisible = 0;
			defaultConfigurationName = Release;
		};
		D1D2EDE02A2AAD6300BE987A /* Build configuration list for PBXNativeTarget "RickAndMortyUITests" */ = {
			isa = XCConfigurationList;
			buildConfigurations = (
				D1D2EDE12A2AAD6300BE987A /* Debug */,
				D1D2EDE22A2AAD6300BE987A /* Release */,
			);
			defaultConfigurationIsVisible = 0;
			defaultConfigurationName = Release;
		};
/* End XCConfigurationList section */
	};
	rootObject = D1D2EDA82A2AAD6000BE987A /* Project object */;
}
